
Microsoft Visual Studio Solution File, Format Version 12.00
# Visual Studio Version 17
VisualStudioVersion = 17.3.32901.215
MinimumVisualStudioVersion = 10.0.40219.1
Project("{FAE04EC0-301F-11D3-BF4B-00C04F79EFBC}") = "liste-class", "liste-class\liste-class.csproj", "{3048939F-1BEA-4E56-8EA3-A63D3679EADA}"
EndProject
Global
	GlobalSection(SolutionConfigurationPlatforms) = preSolution
		Debug|Any CPU = Debug|Any CPU
		Release|Any CPU = Release|Any CPU
	EndGlobalSection
	GlobalSection(ProjectConfigurationPlatforms) = postSolution
		{3048939F-1BEA-4E56-8EA3-A63D3679EADA}.Debug|Any CPU.ActiveCfg = Debug|Any CPU
		{3048939F-1BEA-4E56-8EA3-A63D3679EADA}.Debug|Any CPU.Build.0 = Debug|Any CPU
		{3048939F-1BEA-4E56-8EA3-A63D3679EADA}.Release|Any CPU.ActiveCfg = Release|Any CPU
		{3048939F-1BEA-4E56-8EA3-A63D3679EADA}.Release|Any CPU.Build.0 = Release|Any CPU
	EndGlobalSection
	GlobalSection(SolutionProperties) = preSolution
		HideSolutionNode = FALSE
	EndGlobalSection
	GlobalSection(ExtensibilityGlobals) = postSolution
		SolutionGuid = {E602D2EB-6376-4936-BA8E-76E0D96BB4FB}
	EndGlobalSection
EndGlobal
